
Microsoft Visual Studio Solution File, Format Version 12.00
# Visual Studio 14
VisualStudioVersion = 14.0.23107.0
MinimumVisualStudioVersion = 10.0.40219.1
Project("{FAE04EC0-301F-11D3-BF4B-00C04F79EFBC}") = "Project.MVC_WebAPI", "Project.MVC_WebAPI\Project.MVC_WebAPI.csproj", "{D0B81245-D40C-4E94-9FB2-D9CE461E954F}"
EndProject
Project("{FAE04EC0-301F-11D3-BF4B-00C04F79EFBC}") = "Project.DAL", "Project.DAL\Project.DAL.csproj", "{EA1589AE-C36F-4D78-A101-98CE72B5A051}"
EndProject
Project("{FAE04EC0-301F-11D3-BF4B-00C04F79EFBC}") = "Project.Common", "Project.Common\Project.Common.csproj", "{EEA1D034-C632-4306-8CD4-A4150494B06F}"
EndProject
Project("{FAE04EC0-301F-11D3-BF4B-00C04F79EFBC}") = "Project.Model.Common", "Project.Model.Common\Project.Model.Common.csproj", "{327BFCC5-DF25-436F-9DF0-586DCF4DF3A9}"
EndProject
Project("{FAE04EC0-301F-11D3-BF4B-00C04F79EFBC}") = "Project.Model", "Project.Model\Project.Model.csproj", "{49B56F12-E64B-495D-8FBF-D296AF532263}"
EndProject
Project("{FAE04EC0-301F-11D3-BF4B-00C04F79EFBC}") = "Project.Repository", "Project.Repository\Project.Repository.csproj", "{8A570700-6EA2-41DD-ADFE-F6FA648F3919}"
EndProject
Project("{FAE04EC0-301F-11D3-BF4B-00C04F79EFBC}") = "Project.Service", "Project.Service\Project.Service.csproj", "{CBB273F2-C75D-47A1-97D8-BCA3EF811833}"
EndProject
Project("{FAE04EC0-301F-11D3-BF4B-00C04F79EFBC}") = "Project.Service.Common", "Project.Service.Common\Project.Service.Common.csproj", "{4EB95D50-ED43-48F0-AB2D-3D15E0B20E6F}"
EndProject
Project("{FAE04EC0-301F-11D3-BF4B-00C04F79EFBC}") = "Project.Repository.Common", "Project.Repository.Common\Project.Repository.Common.csproj", "{37228BED-7B79-45AD-AD46-BE07BECBAA36}"
EndProject
Project("{FAE04EC0-301F-11D3-BF4B-00C04F79EFBC}") = "Project.DAL.Common", "Project.DAL.Common\Project.DAL.Common.csproj", "{F79BFF62-DA12-436F-9DB6-384B3F6A844C}"
EndProject
Global
	GlobalSection(SolutionConfigurationPlatforms) = preSolution
		Debug|Any CPU = Debug|Any CPU
		Release|Any CPU = Release|Any CPU
	EndGlobalSection
	GlobalSection(ProjectConfigurationPlatforms) = postSolution
		{D0B81245-D40C-4E94-9FB2-D9CE461E954F}.Debug|Any CPU.ActiveCfg = Debug|Any CPU
		{D0B81245-D40C-4E94-9FB2-D9CE461E954F}.Debug|Any CPU.Build.0 = Debug|Any CPU
		{D0B81245-D40C-4E94-9FB2-D9CE461E954F}.Release|Any CPU.ActiveCfg = Release|Any CPU
		{D0B81245-D40C-4E94-9FB2-D9CE461E954F}.Release|Any CPU.Build.0 = Release|Any CPU
		{EA1589AE-C36F-4D78-A101-98CE72B5A051}.Debug|Any CPU.ActiveCfg = Debug|Any CPU
		{EA1589AE-C36F-4D78-A101-98CE72B5A051}.Debug|Any CPU.Build.0 = Debug|Any CPU
		{EA1589AE-C36F-4D78-A101-98CE72B5A051}.Release|Any CPU.ActiveCfg = Release|Any CPU
		{EA1589AE-C36F-4D78-A101-98CE72B5A051}.Release|Any CPU.Build.0 = Release|Any CPU
		{EEA1D034-C632-4306-8CD4-A4150494B06F}.Debug|Any CPU.ActiveCfg = Debug|Any CPU
		{EEA1D034-C632-4306-8CD4-A4150494B06F}.Debug|Any CPU.Build.0 = Debug|Any CPU
		{EEA1D034-C632-4306-8CD4-A4150494B06F}.Release|Any CPU.ActiveCfg = Release|Any CPU
		{EEA1D034-C632-4306-8CD4-A4150494B06F}.Release|Any CPU.Build.0 = Release|Any CPU
		{327BFCC5-DF25-436F-9DF0-586DCF4DF3A9}.Debug|Any CPU.ActiveCfg = Debug|Any CPU
		{327BFCC5-DF25-436F-9DF0-586DCF4DF3A9}.Debug|Any CPU.Build.0 = Debug|Any CPU
		{327BFCC5-DF25-436F-9DF0-586DCF4DF3A9}.Release|Any CPU.ActiveCfg = Release|Any CPU
		{327BFCC5-DF25-436F-9DF0-586DCF4DF3A9}.Release|Any CPU.Build.0 = Release|Any CPU
		{49B56F12-E64B-495D-8FBF-D296AF532263}.Debug|Any CPU.ActiveCfg = Debug|Any CPU
		{49B56F12-E64B-495D-8FBF-D296AF532263}.Debug|Any CPU.Build.0 = Debug|Any CPU
		{49B56F12-E64B-495D-8FBF-D296AF532263}.Release|Any CPU.ActiveCfg = Release|Any CPU
		{49B56F12-E64B-495D-8FBF-D296AF532263}.Release|Any CPU.Build.0 = Release|Any CPU
		{8A570700-6EA2-41DD-ADFE-F6FA648F3919}.Debug|Any CPU.ActiveCfg = Debug|Any CPU
		{8A570700-6EA2-41DD-ADFE-F6FA648F3919}.Debug|Any CPU.Build.0 = Debug|Any CPU
		{8A570700-6EA2-41DD-ADFE-F6FA648F3919}.Release|Any CPU.ActiveCfg = Release|Any CPU
		{8A570700-6EA2-41DD-ADFE-F6FA648F3919}.Release|Any CPU.Build.0 = Release|Any CPU
		{CBB273F2-C75D-47A1-97D8-BCA3EF811833}.Debug|Any CPU.ActiveCfg = Debug|Any CPU
		{CBB273F2-C75D-47A1-97D8-BCA3EF811833}.Debug|Any CPU.Build.0 = Debug|Any CPU
		{CBB273F2-C75D-47A1-97D8-BCA3EF811833}.Release|Any CPU.ActiveCfg = Release|Any CPU
		{CBB273F2-C75D-47A1-97D8-BCA3EF811833}.Release|Any CPU.Build.0 = Release|Any CPU
		{4EB95D50-ED43-48F0-AB2D-3D15E0B20E6F}.Debug|Any CPU.ActiveCfg = Debug|Any CPU
		{4EB95D50-ED43-48F0-AB2D-3D15E0B20E6F}.Debug|Any CPU.Build.0 = Debug|Any CPU
		{4EB95D50-ED43-48F0-AB2D-3D15E0B20E6F}.Release|Any CPU.ActiveCfg = Release|Any CPU
		{4EB95D50-ED43-48F0-AB2D-3D15E0B20E6F}.Release|Any CPU.Build.0 = Release|Any CPU
		{37228BED-7B79-45AD-AD46-BE07BECBAA36}.Debug|Any CPU.ActiveCfg = Debug|Any CPU
		{37228BED-7B79-45AD-AD46-BE07BECBAA36}.Debug|Any CPU.Build.0 = Debug|Any CPU
		{37228BED-7B79-45AD-AD46-BE07BECBAA36}.Release|Any CPU.ActiveCfg = Release|Any CPU
		{37228BED-7B79-45AD-AD46-BE07BECBAA36}.Release|Any CPU.Build.0 = Release|Any CPU
		{F79BFF62-DA12-436F-9DB6-384B3F6A844C}.Debug|Any CPU.ActiveCfg = Debug|Any CPU
		{F79BFF62-DA12-436F-9DB6-384B3F6A844C}.Debug|Any CPU.Build.0 = Debug|Any CPU
		{F79BFF62-DA12-436F-9DB6-384B3F6A844C}.Release|Any CPU.ActiveCfg = Release|Any CPU
		{F79BFF62-DA12-436F-9DB6-384B3F6A844C}.Release|Any CPU.Build.0 = Release|Any CPU
	EndGlobalSection
	GlobalSection(SolutionProperties) = preSolution
		HideSolutionNode = FALSE
	EndGlobalSection
EndGlobal
